# THIS IS AN AUTOGENERATED FILE. DO NOT EDIT THIS FILE DIRECTLY.
# yarn lockfile v1


"@babel/parser@^7.23.6":
  version "7.23.9"
  resolved "https://registry.yarnpkg.com/@babel/parser/-/parser-7.23.9.tgz#7b903b6149b0f8fa7ad564af646c4c38a77fc44b"
  integrity sha512-9tcKgqKbs3xGJ+NtKF2ndOBBLVwPjl1SHxPQkd36r3Dlirw3xWUeGaTbqr7uGZcTaxkVNwc+03SVP7aCdWrTlA==

"@esbuild/linux-loong64@0.14.54":
  version "0.14.54"
  resolved "https://registry.yarnpkg.com/@esbuild/linux-loong64/-/linux-loong64-0.14.54.tgz#de2a4be678bd4d0d1ffbb86e6de779cde5999028"
  integrity sha512-bZBrLAIX1kpWelV0XemxBZllyRmM6vgFQQG2GdNb+r3Fkp0FOh1NJSvekXDs7jq70k4euu1cryLMfU+mTXlEpw==

"@j-t-mcc/vue3-chartjs@^1.0.0":
  version "1.3.0"
  resolved "https://registry.yarnpkg.com/@j-t-mcc/vue3-chartjs/-/vue3-chartjs-1.3.0.tgz#508ff3fd31d317f4de56b379e0b1c31b26224a09"
  integrity sha512-0x6TJZlF+aDQENqzcBMS8pobzhzbJ1GTJJqouNh5Acfx1Dv/dn7ODY+NGDNjh7YdNxb8ZUxR7jCbdrtT/fE98g==

"@jridgewell/sourcemap-codec@^1.4.15":
  version "1.4.15"
  resolved "https://registry.yarnpkg.com/@jridgewell/sourcemap-codec/-/sourcemap-codec-1.4.15.tgz#d7c6e6755c78567a951e04ab52ef0fd26de59f32"
  integrity sha512-eF2rxCRulEKXHTRiDrDy6erMYWqNw4LPdQ8UQA4huuxaQsVeRPFl2oM8oDGxMFhJUWZf9McpLtJasDDZb/Bpeg==

"@types/chart.js@^2.7.55":
  version "2.9.41"
  resolved "https://registry.yarnpkg.com/@types/chart.js/-/chart.js-2.9.41.tgz#4148cdc87d4f98fad44b2883271cd0fa57f05e0d"
  integrity sha512-3dvkDvueckY83UyUXtJMalYoH6faOLkWQoaTlJgB4Djde3oORmNP0Jw85HtzTuXyliUHcdp704s0mZFQKio/KQ==
  dependencies:
    moment "^2.10.2"

"@vitejs/plugin-vue@^1.1.5":
  version "1.10.2"
  resolved "https://registry.yarnpkg.com/@vitejs/plugin-vue/-/plugin-vue-1.10.2.tgz#d718479e2789d8a94b63e00f23f1898ba239253a"
  integrity sha512-/QJ0Z9qfhAFtKRY+r57ziY4BSbGUTGsPRMpB/Ron3QPwBZM4OZAZHdTa4a8PafCwU5DTatXG8TMDoP8z+oDqJw==

"@vue/compiler-core@3.4.15":
  version "3.4.15"
  resolved "https://registry.yarnpkg.com/@vue/compiler-core/-/compiler-core-3.4.15.tgz#be20d1bbe19626052500b48969302cb6f396d36e"
  integrity sha512-XcJQVOaxTKCnth1vCxEChteGuwG6wqnUHxAm1DO3gCz0+uXKaJNx8/digSz4dLALCy8n2lKq24jSUs8segoqIw==
  dependencies:
    "@babel/parser" "^7.23.6"
    "@vue/shared" "3.4.15"
    entities "^4.5.0"
    estree-walker "^2.0.2"
    source-map-js "^1.0.2"

"@vue/compiler-dom@3.4.15":
  version "3.4.15"
  resolved "https://registry.yarnpkg.com/@vue/compiler-dom/-/compiler-dom-3.4.15.tgz#753f5ed55f78d33dff04701fad4d76ff0cf81ee5"
  integrity sha512-wox0aasVV74zoXyblarOM3AZQz/Z+OunYcIHe1OsGclCHt8RsRm04DObjefaI82u6XDzv+qGWZ24tIsRAIi5MQ==
  dependencies:
    "@vue/compiler-core" "3.4.15"
    "@vue/shared" "3.4.15"

"@vue/compiler-sfc@3.4.15", "@vue/compiler-sfc@^3.0.5":
  version "3.4.15"
  resolved "https://registry.yarnpkg.com/@vue/compiler-sfc/-/compiler-sfc-3.4.15.tgz#4e5811e681955fcec886cebbec483f6ae463a64b"
  integrity sha512-LCn5M6QpkpFsh3GQvs2mJUOAlBQcCco8D60Bcqmf3O3w5a+KWS5GvYbrrJBkgvL1BDnTp+e8q0lXCLgHhKguBA==
  dependencies:
    "@babel/parser" "^7.23.6"
    "@vue/compiler-core" "3.4.15"
    "@vue/compiler-dom" "3.4.15"
    "@vue/compiler-ssr" "3.4.15"
    "@vue/shared" "3.4.15"
    estree-walker "^2.0.2"
    magic-string "^0.30.5"
    postcss "^8.4.33"
    source-map-js "^1.0.2"

"@vue/compiler-ssr@3.4.15":
  version "3.4.15"
  resolved "https://registry.yarnpkg.com/@vue/compiler-ssr/-/compiler-ssr-3.4.15.tgz#a910a5b89ba4f0a776e40b63d69bdae2f50616cf"
  integrity sha512-1jdeQyiGznr8gjFDadVmOJqZiLNSsMa5ZgqavkPZ8O2wjHv0tVuAEsw5hTdUoUW4232vpBbL/wJhzVW/JwY1Uw==
  dependencies:
    "@vue/compiler-dom" "3.4.15"
    "@vue/shared" "3.4.15"

"@vue/reactivity@3.4.15":
  version "3.4.15"
  resolved "https://registry.yarnpkg.com/@vue/reactivity/-/reactivity-3.4.15.tgz#ad9d9b83f5398d2e8660ad5cfc0f171e7679a9a1"
  integrity sha512-55yJh2bsff20K5O84MxSvXKPHHt17I2EomHznvFiJCAZpJTNW8IuLj1xZWMLELRhBK3kkFV/1ErZGHJfah7i7w==
  dependencies:
    "@vue/shared" "3.4.15"

"@vue/runtime-core@3.4.15":
  version "3.4.15"
  resolved "https://registry.yarnpkg.com/@vue/runtime-core/-/runtime-core-3.4.15.tgz#f81e2fd2108ea41a6d5c61c2462b11dfb754fdf0"
  integrity sha512-6E3by5m6v1AkW0McCeAyhHTw+3y17YCOKG0U0HDKDscV4Hs0kgNT5G+GCHak16jKgcCDHpI9xe5NKb8sdLCLdw==
  dependencies:
    "@vue/reactivity" "3.4.15"
    "@vue/shared" "3.4.15"

"@vue/runtime-dom@3.4.15":
  version "3.4.15"
  resolved "https://registry.yarnpkg.com/@vue/runtime-dom/-/runtime-dom-3.4.15.tgz#108ef86aa7334ead5d6b9c56a7d93679e1e45406"
  integrity sha512-EVW8D6vfFVq3V/yDKNPBFkZKGMFSvZrUQmx196o/v2tHKdwWdiZjYUBS+0Ez3+ohRyF8Njwy/6FH5gYJ75liUw==
  dependencies:
    "@vue/runtime-core" "3.4.15"
    "@vue/shared" "3.4.15"
    csstype "^3.1.3"

"@vue/server-renderer@3.4.15":
  version "3.4.15"
  resolved "https://registry.yarnpkg.com/@vue/server-renderer/-/server-renderer-3.4.15.tgz#34438f998e6f6370fac78883a75efe136631957f"
  integrity sha512-3HYzaidu9cHjrT+qGUuDhFYvF/j643bHC6uUN9BgM11DVy+pM6ATsG6uPBLnkwOgs7BpJABReLmpL3ZPAsUaqw==
  dependencies:
    "@vue/compiler-ssr" "3.4.15"
    "@vue/shared" "3.4.15"

"@vue/shared@3.4.15":
  version "3.4.15"
  resolved "https://registry.yarnpkg.com/@vue/shared/-/shared-3.4.15.tgz#e7d2ea050c667480cb5e1a6df2ac13bcd03a8f30"
  integrity sha512-KzfPTxVaWfB+eGcGdbSf4CWdaXcGDqckoeXUh7SB3fZdEtzPCK2Vq9B/lRRL3yutax/LWITz+SwvgyOxz5V75g==

bootstrap@^4.6.0:
  version "4.6.2"
  resolved "https://registry.yarnpkg.com/bootstrap/-/bootstrap-4.6.2.tgz#8e0cd61611728a5bf65a3a2b8d6ff6c77d5d7479"
  integrity sha512-51Bbp/Uxr9aTuy6ca/8FbFloBUJZLHwnhTcnjIeRn2suQWsWzcuJhGjKDB5eppVte/8oCdOL3VuwxvZDUggwGQ==

chart.js@^3.1.0:
  version "3.9.1"
  resolved "https://registry.yarnpkg.com/chart.js/-/chart.js-3.9.1.tgz#3abf2c775169c4c71217a107163ac708515924b8"
  integrity sha512-Ro2JbLmvg83gXF5F4sniaQ+lTbSv18E+TIf2cOeiH1Iqd2PGFOtem+DUufMZsCJwFE7ywPOpfXFBwRTGq7dh6w==

csstype@^3.1.3:
  version "3.1.3"
  resolved "https://registry.yarnpkg.com/csstype/-/csstype-3.1.3.tgz#d80ff294d114fb0e6ac500fbf85b60137d7eff81"
  integrity sha512-M1uQkMl8rQK/szD0LNhtqxIPLpimGm8sOBwU7lLnCpSbTyY3yeU1Vc7l4KT5zT4s/yOxHH5O7tIuuLOCnLADRw==

entities@^4.5.0:
  version "4.5.0"
  resolved "https://registry.yarnpkg.com/entities/-/entities-4.5.0.tgz#5d268ea5e7113ec74c4d033b79ea5a35a488fb48"
  integrity sha512-V0hjH4dGPh9Ao5p0MoRY6BVqtwCjhz6vI5LT8AJ55H+4g9/4vbHx1I54fS0XuclLhDHArPQCiMjDxjaL8fPxhw==

esbuild-android-64@0.14.54:
  version "0.14.54"
  resolved "https://registry.yarnpkg.com/esbuild-android-64/-/esbuild-android-64-0.14.54.tgz#505f41832884313bbaffb27704b8bcaa2d8616be"
  integrity sha512-Tz2++Aqqz0rJ7kYBfz+iqyE3QMycD4vk7LBRyWaAVFgFtQ/O8EJOnVmTOiDWYZ/uYzB4kvP+bqejYdVKzE5lAQ==

esbuild-android-arm64@0.14.54:
  version "0.14.54"
  resolved "https://registry.yarnpkg.com/esbuild-android-arm64/-/esbuild-android-arm64-0.14.54.tgz#8ce69d7caba49646e009968fe5754a21a9871771"
  integrity sha512-F9E+/QDi9sSkLaClO8SOV6etqPd+5DgJje1F9lOWoNncDdOBL2YF59IhsWATSt0TLZbYCf3pNlTHvVV5VfHdvg==

esbuild-darwin-64@0.14.54:
  version "0.14.54"
  resolved "https://registry.yarnpkg.com/esbuild-darwin-64/-/esbuild-darwin-64-0.14.54.tgz#24ba67b9a8cb890a3c08d9018f887cc221cdda25"
  integrity sha512-jtdKWV3nBviOd5v4hOpkVmpxsBy90CGzebpbO9beiqUYVMBtSc0AL9zGftFuBon7PNDcdvNCEuQqw2x0wP9yug==

esbuild-darwin-arm64@0.14.54:
  version "0.14.54"
  resolved "https://registry.yarnpkg.com/esbuild-darwin-arm64/-/esbuild-darwin-arm64-0.14.54.tgz#3f7cdb78888ee05e488d250a2bdaab1fa671bf73"
  integrity sha512-OPafJHD2oUPyvJMrsCvDGkRrVCar5aVyHfWGQzY1dWnzErjrDuSETxwA2HSsyg2jORLY8yBfzc1MIpUkXlctmw==

esbuild-freebsd-64@0.14.54:
  version "0.14.54"
  resolved "https://registry.yarnpkg.com/esbuild-freebsd-64/-/esbuild-freebsd-64-0.14.54.tgz#09250f997a56ed4650f3e1979c905ffc40bbe94d"
  integrity sha512-OKwd4gmwHqOTp4mOGZKe/XUlbDJ4Q9TjX0hMPIDBUWWu/kwhBAudJdBoxnjNf9ocIB6GN6CPowYpR/hRCbSYAg==

esbuild-freebsd-arm64@0.14.54:
  version "0.14.54"
  resolved "https://registry.yarnpkg.com/esbuild-freebsd-arm64/-/esbuild-freebsd-arm64-0.14.54.tgz#bafb46ed04fc5f97cbdb016d86947a79579f8e48"
  integrity sha512-sFwueGr7OvIFiQT6WeG0jRLjkjdqWWSrfbVwZp8iMP+8UHEHRBvlaxL6IuKNDwAozNUmbb8nIMXa7oAOARGs1Q==

esbuild-linux-32@0.14.54:
  version "0.14.54"
  resolved "https://registry.yarnpkg.com/esbuild-linux-32/-/esbuild-linux-32-0.14.54.tgz#e2a8c4a8efdc355405325033fcebeb941f781fe5"
  integrity sha512-1ZuY+JDI//WmklKlBgJnglpUL1owm2OX+8E1syCD6UAxcMM/XoWd76OHSjl/0MR0LisSAXDqgjT3uJqT67O3qw==

esbuild-linux-64@0.14.54:
  version "0.14.54"
  resolved "https://registry.yarnpkg.com/esbuild-linux-64/-/esbuild-linux-64-0.14.54.tgz#de5fdba1c95666cf72369f52b40b03be71226652"
  integrity sha512-EgjAgH5HwTbtNsTqQOXWApBaPVdDn7XcK+/PtJwZLT1UmpLoznPd8c5CxqsH2dQK3j05YsB3L17T8vE7cp4cCg==

esbuild-linux-arm64@0.14.54:
  version "0.14.54"
  resolved "https://registry.yarnpkg.com/esbuild-linux-arm64/-/esbuild-linux-arm64-0.14.54.tgz#dae4cd42ae9787468b6a5c158da4c84e83b0ce8b"
  integrity sha512-WL71L+0Rwv+Gv/HTmxTEmpv0UgmxYa5ftZILVi2QmZBgX3q7+tDeOQNqGtdXSdsL8TQi1vIaVFHUPDe0O0kdig==

esbuild-linux-arm@0.14.54:
  version "0.14.54"
  resolved "https://registry.yarnpkg.com/esbuild-linux-arm/-/esbuild-linux-arm-0.14.54.tgz#a2c1dff6d0f21dbe8fc6998a122675533ddfcd59"
  integrity sha512-qqz/SjemQhVMTnvcLGoLOdFpCYbz4v4fUo+TfsWG+1aOu70/80RV6bgNpR2JCrppV2moUQkww+6bWxXRL9YMGw==

esbuild-linux-mips64le@0.14.54:
  version "0.14.54"
  resolved "https://registry.yarnpkg.com/esbuild-linux-mips64le/-/esbuild-linux-mips64le-0.14.54.tgz#d9918e9e4cb972f8d6dae8e8655bf9ee131eda34"
  integrity sha512-qTHGQB8D1etd0u1+sB6p0ikLKRVuCWhYQhAHRPkO+OF3I/iSlTKNNS0Lh2Oc0g0UFGguaFZZiPJdJey3AGpAlw==

esbuild-linux-ppc64le@0.14.54:
  version "0.14.54"
  resolved "https://registry.yarnpkg.com/esbuild-linux-ppc64le/-/esbuild-linux-ppc64le-0.14.54.tgz#3f9a0f6d41073fb1a640680845c7de52995f137e"
  integrity sha512-j3OMlzHiqwZBDPRCDFKcx595XVfOfOnv68Ax3U4UKZ3MTYQB5Yz3X1mn5GnodEVYzhtZgxEBidLWeIs8FDSfrQ==

esbuild-linux-riscv64@0.14.54:
  version "0.14.54"
  resolved "https://registry.yarnpkg.com/esbuild-linux-riscv64/-/esbuild-linux-riscv64-0.14.54.tgz#618853c028178a61837bc799d2013d4695e451c8"
  integrity sha512-y7Vt7Wl9dkOGZjxQZnDAqqn+XOqFD7IMWiewY5SPlNlzMX39ocPQlOaoxvT4FllA5viyV26/QzHtvTjVNOxHZg==

esbuild-linux-s390x@0.14.54:
  version "0.14.54"
  resolved "https://registry.yarnpkg.com/esbuild-linux-s390x/-/esbuild-linux-s390x-0.14.54.tgz#d1885c4c5a76bbb5a0fe182e2c8c60eb9e29f2a6"
  integrity sha512-zaHpW9dziAsi7lRcyV4r8dhfG1qBidQWUXweUjnw+lliChJqQr+6XD71K41oEIC3Mx1KStovEmlzm+MkGZHnHA==

esbuild-netbsd-64@0.14.54:
  version "0.14.54"
  resolved "https://registry.yarnpkg.com/esbuild-netbsd-64/-/esbuild-netbsd-64-0.14.54.tgz#69ae917a2ff241b7df1dbf22baf04bd330349e81"
  integrity sha512-PR01lmIMnfJTgeU9VJTDY9ZerDWVFIUzAtJuDHwwceppW7cQWjBBqP48NdeRtoP04/AtO9a7w3viI+PIDr6d+w==

esbuild-openbsd-64@0.14.54:
  version "0.14.54"
  resolved "https://registry.yarnpkg.com/esbuild-openbsd-64/-/esbuild-openbsd-64-0.14.54.tgz#db4c8495287a350a6790de22edea247a57c5d47b"
  integrity sha512-Qyk7ikT2o7Wu76UsvvDS5q0amJvmRzDyVlL0qf5VLsLchjCa1+IAvd8kTBgUxD7VBUUVgItLkk609ZHUc1oCaw==

esbuild-sunos-64@0.14.54:
  version "0.14.54"
  resolved "https://registry.yarnpkg.com/esbuild-sunos-64/-/esbuild-sunos-64-0.14.54.tgz#54287ee3da73d3844b721c21bc80c1dc7e1bf7da"
  integrity sha512-28GZ24KmMSeKi5ueWzMcco6EBHStL3B6ubM7M51RmPwXQGLe0teBGJocmWhgwccA1GeFXqxzILIxXpHbl9Q/Kw==

esbuild-windows-32@0.14.54:
  version "0.14.54"
  resolved "https://registry.yarnpkg.com/esbuild-windows-32/-/esbuild-windows-32-0.14.54.tgz#f8aaf9a5667630b40f0fb3aa37bf01bbd340ce31"
  integrity sha512-T+rdZW19ql9MjS7pixmZYVObd9G7kcaZo+sETqNH4RCkuuYSuv9AGHUVnPoP9hhuE1WM1ZimHz1CIBHBboLU7w==

esbuild-windows-64@0.14.54:
  version "0.14.54"
  resolved "https://registry.yarnpkg.com/esbuild-windows-64/-/esbuild-windows-64-0.14.54.tgz#bf54b51bd3e9b0f1886ffdb224a4176031ea0af4"
  integrity sha512-AoHTRBUuYwXtZhjXZbA1pGfTo8cJo3vZIcWGLiUcTNgHpJJMC1rVA44ZereBHMJtotyN71S8Qw0npiCIkW96cQ==

esbuild-windows-arm64@0.14.54:
  version "0.14.54"
  resolved "https://registry.yarnpkg.com/esbuild-windows-arm64/-/esbuild-windows-arm64-0.14.54.tgz#937d15675a15e4b0e4fafdbaa3a01a776a2be982"
  integrity sha512-M0kuUvXhot1zOISQGXwWn6YtS+Y/1RT9WrVIOywZnJHo3jCDyewAc79aKNQWFCQm+xNHVTq9h8dZKvygoXQQRg==

esbuild@^0.14.27:
  version "0.14.54"
  resolved "https://registry.yarnpkg.com/esbuild/-/esbuild-0.14.54.tgz#8b44dcf2b0f1a66fc22459943dccf477535e9aa2"
  integrity sha512-Cy9llcy8DvET5uznocPyqL3BFRrFXSVqbgpMJ9Wz8oVjZlh/zUSNbPRbov0VX7VxN2JH1Oa0uNxZ7eLRb62pJA==
  optionalDependencies:
    "@esbuild/linux-loong64" "0.14.54"
    esbuild-android-64 "0.14.54"
    esbuild-android-arm64 "0.14.54"
    esbuild-darwin-64 "0.14.54"
    esbuild-darwin-arm64 "0.14.54"
    esbuild-freebsd-64 "0.14.54"
    esbuild-freebsd-arm64 "0.14.54"
    esbuild-linux-32 "0.14.54"
    esbuild-linux-64 "0.14.54"
    esbuild-linux-arm "0.14.54"
    esbuild-linux-arm64 "0.14.54"
    esbuild-linux-mips64le "0.14.54"
    esbuild-linux-ppc64le "0.14.54"
    esbuild-linux-riscv64 "0.14.54"
    esbuild-linux-s390x "0.14.54"
    esbuild-netbsd-64 "0.14.54"
    esbuild-openbsd-64 "0.14.54"
    esbuild-sunos-64 "0.14.54"
    esbuild-windows-32 "0.14.54"
    esbuild-windows-64 "0.14.54"
    esbuild-windows-arm64 "0.14.54"

estree-walker@^2.0.2:
  version "2.0.2"
  resolved "https://registry.yarnpkg.com/estree-walker/-/estree-walker-2.0.2.tgz#52f010178c2a4c117a7757cfe942adb7d2da4cac"
  integrity sha512-Rfkk/Mp/DL7JVje3u18FxFujQlTNR2q6QfMSMB7AvCBx91NGj/ba3kCfza0f6dVDbw7YlRf/nDrn7pQrCCyQ/w==

fsevents@~2.3.2:
  version "2.3.3"
  resolved "https://registry.yarnpkg.com/fsevents/-/fsevents-2.3.3.tgz#cac6407785d03675a2a5e1a5305c697b347d90d6"
  integrity sha512-5xoDfX+fL7faATnagmWPpbFtwh/R77WmMMqqHGS65C3vvB0YHrgF+B1YmZ3441tMj5n63k0212XNoJwzlhffQw==

function-bind@^1.1.2:
  version "1.1.2"
  resolved "https://registry.yarnpkg.com/function-bind/-/function-bind-1.1.2.tgz#2c02d864d97f3ea6c8830c464cbd11ab6eab7a1c"
  integrity sha512-7XHNxH7qX9xG5mIwxkhumTox/MIRNcOgDrxWsMt2pAr23WHp6MrRlN7FBSFpCpr+oVO0F744iUgR82nJMfG2SA==

hasown@^2.0.0:
  version "2.0.0"
  resolved "https://registry.yarnpkg.com/hasown/-/hasown-2.0.0.tgz#f4c513d454a57b7c7e1650778de226b11700546c"
  integrity sha512-vUptKVTpIJhcczKBbgnS+RtcuYMB8+oNzPK2/Hp3hanz8JmpATdmmgLgSaadVREkDm+e2giHwY3ZRkyjSIDDFA==
  dependencies:
    function-bind "^1.1.2"

is-core-module@^2.13.0:
  version "2.13.1"
  resolved "https://registry.yarnpkg.com/is-core-module/-/is-core-module-2.13.1.tgz#ad0d7532c6fea9da1ebdc82742d74525c6273384"
  integrity sha512-hHrIjvZsftOsvKSn2TRYl63zvxsgE0K+0mYMoH6gD4omR5IWB2KynivBQczo3+wF1cCkjzvptnI9Q0sPU66ilw==
  dependencies:
    hasown "^2.0.0"

jquery@^3.6.0:
  version "3.7.1"
  resolved "https://registry.yarnpkg.com/jquery/-/jquery-3.7.1.tgz#083ef98927c9a6a74d05a6af02806566d16274de"
  integrity sha512-m4avr8yL8kmFN8psrbFFFmB/If14iN5o9nw/NgnnM+kybDJpRsAynV2BsfpTYrTRysYUdADVD7CkUUizgkpLfg==

magic-string@^0.30.5:
  version "0.30.6"
  resolved "https://registry.yarnpkg.com/magic-string/-/magic-string-0.30.6.tgz#996e21b42f944e45591a68f0905d6a740a12506c"
  integrity sha512-n62qCLbPjNjyo+owKtveQxZFZTBm+Ms6YoGD23Wew6Vw337PElFNifQpknPruVRQV57kVShPnLGo9vWxVhpPvA==
  dependencies:
    "@jridgewell/sourcemap-codec" "^1.4.15"

moment@^2.10.2:
  version "2.30.1"
  resolved "https://registry.yarnpkg.com/moment/-/moment-2.30.1.tgz#f8c91c07b7a786e30c59926df530b4eac96974ae"
  integrity sha512-uEmtNhbDOrWPFS+hdjFCBfy9f2YoyzRpwcl+DqpC6taX21FzsTLQVbMV/W7PzNSX6x/bhC1zA3c2UQ5NzH6how==

nanoid@^3.3.7:
  version "3.3.7"
  resolved "https://registry.yarnpkg.com/nanoid/-/nanoid-3.3.7.tgz#d0c301a691bc8d54efa0a2226ccf3fe2fd656bd8"
  integrity sha512-eSRppjcPIatRIMC1U6UngP8XFcz8MQWGQdt1MTBQ7NaAmvXDfvNxbvWV3x2y6CdEUciCSsDHDQZbhYaB8QEo2g==

path-parse@^1.0.7:
  version "1.0.7"
  resolved "https://registry.yarnpkg.com/path-parse/-/path-parse-1.0.7.tgz#fbc114b60ca42b30d9daf5858e4bd68bbedb6735"
  integrity sha512-LDJzPVEEEPR+y48z93A0Ed0yXb8pAByGWo/k5YYdYgpY2/2EsOsksJrq7lOHxryrVOn1ejG6oAp8ahvOIQD8sw==

picocolors@^1.0.0:
  version "1.0.0"
  resolved "https://registry.yarnpkg.com/picocolors/-/picocolors-1.0.0.tgz#cb5bdc74ff3f51892236eaf79d68bc44564ab81c"
  integrity sha512-1fygroTLlHu66zi26VoTDv8yRgm0Fccecssto+MhsZ0D/DGW2sm8E8AjW7NU5VVTRt5GxbeZ5qBuJr+HyLYkjQ==

popper.js@^1.16.1:
  version "1.16.1"
  resolved "https://registry.yarnpkg.com/popper.js/-/popper.js-1.16.1.tgz#2a223cb3dc7b6213d740e40372be40de43e65b1b"
  integrity sha512-Wb4p1J4zyFTbM+u6WuO4XstYx4Ky9Cewe4DWrel7B0w6VVICvPwdOpotjzcf6eD8TsckVnIMNONQyPIUFOUbCQ==

postcss@^8.4.13, postcss@^8.4.33:
  version "8.4.33"
  resolved "https://registry.yarnpkg.com/postcss/-/postcss-8.4.33.tgz#1378e859c9f69bf6f638b990a0212f43e2aaa742"
  integrity sha512-Kkpbhhdjw2qQs2O2DGX+8m5OVqEcbB9HRBvuYM9pgrjEFUg30A9LmXNlTAUj4S9kgtGyrMbTzVjH7E+s5Re2yg==
  dependencies:
    nanoid "^3.3.7"
    picocolors "^1.0.0"
    source-map-js "^1.0.2"

resolve@^1.22.0:
  version "1.22.8"
  resolved "https://registry.yarnpkg.com/resolve/-/resolve-1.22.8.tgz#b6c87a9f2aa06dfab52e3d70ac8cde321fa5a48d"
  integrity sha512-oKWePCxqpd6FlLvGV1VU0x7bkPmmCNolxzjMf4NczoDnQcIWrAF+cPtZn5i6n+RfD2d9i0tzpKnG6Yk168yIyw==
  dependencies:
    is-core-module "^2.13.0"
    path-parse "^1.0.7"
    supports-preserve-symlinks-flag "^1.0.0"

"rollup@>=2.59.0 <2.78.0":
  version "2.77.3"
  resolved "https://registry.yarnpkg.com/rollup/-/rollup-2.77.3.tgz#8f00418d3a2740036e15deb653bed1a90ee0cc12"
  integrity sha512-/qxNTG7FbmefJWoeeYJFbHehJ2HNWnjkAFRKzWN/45eNBBF/r8lo992CwcJXEzyVxs5FmfId+vTSTQDb+bxA+g==
  optionalDependencies:
    fsevents "~2.3.2"

source-map-js@^1.0.2:
  version "1.0.2"
  resolved "https://registry.yarnpkg.com/source-map-js/-/source-map-js-1.0.2.tgz#adbc361d9c62df380125e7f161f71c826f1e490c"
  integrity sha512-R0XvVJ9WusLiqTCEiGCmICCMplcCkIwwR11mOSD9CR5u+IXYdiseeEuXCVAjS54zqwkLcPNnmU4OeJ6tUrWhDw==

supports-preserve-symlinks-flag@^1.0.0:
  version "1.0.0"
  resolved "https://registry.yarnpkg.com/supports-preserve-symlinks-flag/-/supports-preserve-symlinks-flag-1.0.0.tgz#6eda4bd344a3c94aea376d4cc31bc77311039e09"
  integrity sha512-ot0WnXS9fgdkgIcePe6RHNk1WA8+muPa6cSjeR3V8K27q9BB1rTE3R1p7Hv0z1ZyAc8s6Vvv8DIyWf681MAt0w==

sweetalert2@^11.10.4:
  version "11.10.4"
  resolved "https://registry.yarnpkg.com/sweetalert2/-/sweetalert2-11.10.4.tgz#48fc0c21f008f4d4f7c92da6a96c0fde33148d64"
  integrity sha512-MOVRuEW/yQsyzgkaiHqAJcYKxW3vhtE5o3Skp6vZdyJejCOWo4FOicbjRfvqHAXTyTMuwDHA+0lYbO6BiHl1Gw==

vite@^2.1.3:
  version "2.9.17"
  resolved "https://registry.yarnpkg.com/vite/-/vite-2.9.17.tgz#6b770525e12fa2a2e3a0fa0d028d304f4f7dc7d4"
  integrity sha512-XxcRzra6d7xrKXH66jZUgb+srThoPu+TLJc06GifUyKq9JmjHkc1Numc8ra0h56rju2jfVWw3B3fs5l3OFMvUw==
  dependencies:
    esbuild "^0.14.27"
    postcss "^8.4.13"
    resolve "^1.22.0"
    rollup ">=2.59.0 <2.78.0"
  optionalDependencies:
    fsevents "~2.3.2"

vue-chartjs@^3.5.1:
  version "3.5.1"
  resolved "https://registry.yarnpkg.com/vue-chartjs/-/vue-chartjs-3.5.1.tgz#d25e845708f7744ae51bed9d23a975f5f8fc6529"
  integrity sha512-foocQbJ7FtveICxb4EV5QuVpo6d8CmZFmAopBppDIGKY+esJV8IJgwmEW0RexQhxqXaL/E1xNURsgFFYyKzS/g==
  dependencies:
    "@types/chart.js" "^2.7.55"

vue@^3.0.5:
  version "3.4.15"
  resolved "https://registry.yarnpkg.com/vue/-/vue-3.4.15.tgz#91f979844ffca9239dff622ba4c79c5d5524b88c"
  integrity sha512-jC0GH4KkWLWJOEQjOpkqU1bQsBwf4R1rsFtw5GQJbjHVKWDzO6P0nWWBTmjp1xSemAioDFj1jdaK1qa3DnMQoQ==
  dependencies:
    "@vue/compiler-dom" "3.4.15"
    "@vue/compiler-sfc" "3.4.15"
    "@vue/runtime-dom" "3.4.15"
    "@vue/server-renderer" "3.4.15"
    "@vue/shared" "3.4.15"
